
Microsoft Visual Studio Solution File, Format Version 12.00
# Visual Studio 15
VisualStudioVersion = 15.0.26730.16
MinimumVisualStudioVersion = 10.0.40219.1
Project("{FAE04EC0-301F-11D3-BF4B-00C04F79EFBC}") = "CraftaServ", "PortforwardWPF\CraftaServ.csproj", "{3702985D-BCC1-43BD-933A-C0BA5F0EDAA5}"
EndProject
Global
	GlobalSection(SolutionConfigurationPlatforms) = preSolution
		Debug|Any CPU = Debug|Any CPU
		Release|Any CPU = Release|Any CPU
	EndGlobalSection
	GlobalSection(ProjectConfigurationPlatforms) = postSolution
		{3702985D-BCC1-43BD-933A-C0BA5F0EDAA5}.Debug|Any CPU.ActiveCfg = Debug|Any CPU
		{3702985D-BCC1-43BD-933A-C0BA5F0EDAA5}.Debug|Any CPU.Build.0 = Debug|Any CPU
		{3702985D-BCC1-43BD-933A-C0BA5F0EDAA5}.Release|Any CPU.ActiveCfg = Release|Any CPU
		{3702985D-BCC1-43BD-933A-C0BA5F0EDAA5}.Release|Any CPU.Build.0 = Release|Any CPU
	EndGlobalSection
	GlobalSection(SolutionProperties) = preSolution
		HideSolutionNode = FALSE
	EndGlobalSection
	GlobalSection(ExtensibilityGlobals) = postSolution
		SolutionGuid = {DD846474-1CB2-4932-B5D8-2E017481B1C8}
	EndGlobalSection
EndGlobal
